
Microsoft Visual Studio Solution File, Format Version 12.00
# Visual Studio Version 17
VisualStudioVersion = 17.14.36127.28 d17.14
MinimumVisualStudioVersion = 10.0.40219.1
Project("{FAE04EC0-301F-11D3-BF4B-00C04F79EFBC}") = "SOLID.Domain", "src\SOLID.Domain\SOLID.Domain.csproj", "{FDBD11F9-19E0-48CB-B201-A6044DA2C14F}"
EndProject
Project("{FAE04EC0-301F-11D3-BF4B-00C04F79EFBC}") = "SOLID.Application", "src\SOLID.Application\SOLID.Application.csproj", "{EBDF3B0B-F91B-4AEE-BA14-6BE9CF6EF68A}"
EndProject
Project("{FAE04EC0-301F-11D3-BF4B-00C04F79EFBC}") = "SOLID.Infrastructure", "src\SOLID.Infrastructure\SOLID.Infrastructure.csproj", "{2FEEB7C5-E47B-4BA5-8BA5-6A5EF7E8B8B6}"
EndProject
Project("{FAE04EC0-301F-11D3-BF4B-00C04F79EFBC}") = "SOLID.Presentation", "src\SOLID.Presentation\SOLID.Presentation.csproj", "{EC8E5F01-00B5-45B7-80BA-3542F17FC5D7}"
EndProject
Project("{2150E333-8FDC-42A3-9474-1A3956D46DE8}") = "src", "src", "{02EA681E-C7D8-13C7-8484-4AC65E1B71E8}"
EndProject
Global
	GlobalSection(SolutionConfigurationPlatforms) = preSolution
		Debug|Any CPU = Debug|Any CPU
		Release|Any CPU = Release|Any CPU
	EndGlobalSection
	GlobalSection(ProjectConfigurationPlatforms) = postSolution
		{FDBD11F9-19E0-48CB-B201-A6044DA2C14F}.Debug|Any CPU.ActiveCfg = Debug|Any CPU
		{FDBD11F9-19E0-48CB-B201-A6044DA2C14F}.Debug|Any CPU.Build.0 = Debug|Any CPU
		{FDBD11F9-19E0-48CB-B201-A6044DA2C14F}.Release|Any CPU.ActiveCfg = Release|Any CPU
		{FDBD11F9-19E0-48CB-B201-A6044DA2C14F}.Release|Any CPU.Build.0 = Release|Any CPU
		{EBDF3B0B-F91B-4AEE-BA14-6BE9CF6EF68A}.Debug|Any CPU.ActiveCfg = Debug|Any CPU
		{EBDF3B0B-F91B-4AEE-BA14-6BE9CF6EF68A}.Debug|Any CPU.Build.0 = Debug|Any CPU
		{EBDF3B0B-F91B-4AEE-BA14-6BE9CF6EF68A}.Release|Any CPU.ActiveCfg = Release|Any CPU
		{EBDF3B0B-F91B-4AEE-BA14-6BE9CF6EF68A}.Release|Any CPU.Build.0 = Release|Any CPU
		{2FEEB7C5-E47B-4BA5-8BA5-6A5EF7E8B8B6}.Debug|Any CPU.ActiveCfg = Debug|Any CPU
		{2FEEB7C5-E47B-4BA5-8BA5-6A5EF7E8B8B6}.Debug|Any CPU.Build.0 = Debug|Any CPU
		{2FEEB7C5-E47B-4BA5-8BA5-6A5EF7E8B8B6}.Release|Any CPU.ActiveCfg = Release|Any CPU
		{2FEEB7C5-E47B-4BA5-8BA5-6A5EF7E8B8B6}.Release|Any CPU.Build.0 = Release|Any CPU
		{EC8E5F01-00B5-45B7-80BA-3542F17FC5D7}.Debug|Any CPU.ActiveCfg = Debug|Any CPU
		{EC8E5F01-00B5-45B7-80BA-3542F17FC5D7}.Debug|Any CPU.Build.0 = Debug|Any CPU
		{EC8E5F01-00B5-45B7-80BA-3542F17FC5D7}.Release|Any CPU.ActiveCfg = Release|Any CPU
		{EC8E5F01-00B5-45B7-80BA-3542F17FC5D7}.Release|Any CPU.Build.0 = Release|Any CPU
	EndGlobalSection
	GlobalSection(SolutionProperties) = preSolution
		HideSolutionNode = FALSE
	EndGlobalSection
	GlobalSection(NestedProjects) = preSolution
		{FDBD11F9-19E0-48CB-B201-A6044DA2C14F} = {02EA681E-C7D8-13C7-8484-4AC65E1B71E8}
		{EBDF3B0B-F91B-4AEE-BA14-6BE9CF6EF68A} = {02EA681E-C7D8-13C7-8484-4AC65E1B71E8}
		{2FEEB7C5-E47B-4BA5-8BA5-6A5EF7E8B8B6} = {02EA681E-C7D8-13C7-8484-4AC65E1B71E8}
		{EC8E5F01-00B5-45B7-80BA-3542F17FC5D7} = {02EA681E-C7D8-13C7-8484-4AC65E1B71E8}
	EndGlobalSection
	GlobalSection(ExtensibilityGlobals) = postSolution
		SolutionGuid = {C0B52352-9A29-4CE7-9DD8-E90CC347A7CE}
	EndGlobalSection
EndGlobal
